
Microsoft Visual Studio Solution File, Format Version 12.00
# Visual Studio 15
VisualStudioVersion = 15.0.35319.79
MinimumVisualStudioVersion = 10.0.40219.1
Project("{FAE04EC0-301F-11D3-BF4B-00C04F79EFBC}") = "WindowsFormsApp1", "WindowsFormsApp1\WindowsFormsApp1.csproj", "{E547746C-F45E-47BA-A899-562BD1CB287B}"
EndProject
Global
	GlobalSection(SolutionConfigurationPlatforms) = preSolution
		Debug|Any CPU = Debug|Any CPU
		Release|Any CPU = Release|Any CPU
	EndGlobalSection
	GlobalSection(ProjectConfigurationPlatforms) = postSolution
		{E547746C-F45E-47BA-A899-562BD1CB287B}.Debug|Any CPU.ActiveCfg = Debug|Any CPU
		{E547746C-F45E-47BA-A899-562BD1CB287B}.Debug|Any CPU.Build.0 = Debug|Any CPU
		{E547746C-F45E-47BA-A899-562BD1CB287B}.Release|Any CPU.ActiveCfg = Release|Any CPU
		{E547746C-F45E-47BA-A899-562BD1CB287B}.Release|Any CPU.Build.0 = Release|Any CPU
	EndGlobalSection
	GlobalSection(SolutionProperties) = preSolution
		HideSolutionNode = FALSE
	EndGlobalSection
	GlobalSection(ExtensibilityGlobals) = postSolution
		SolutionGuid = {EAF87EF0-A29A-41A0-85B0-875CFE467E69}
	EndGlobalSection
EndGlobal
